
Microsoft Visual Studio Solution File, Format Version 12.00
# Visual Studio Version 17
VisualStudioVersion = 17.1.32328.378
MinimumVisualStudioVersion = 10.0.40219.1
Project("{8BC9CEB8-8B4A-11D0-8D11-00A0C91BC942}") = "CPPzaawansowaneProgramowanie", "CPPzaawansowaneProgramowanie\CPPzaawansowaneProgramowanie.vcxproj", "{2956F199-E00F-4A63-B59D-15D670F6A837}"
EndProject
Project("{8BC9CEB8-8B4A-11D0-8D11-00A0C91BC942}") = "Zad1Zaawansowane", "Zad1Zaawansowane\Zad1Zaawansowane.vcxproj", "{6F7E498E-E00B-470F-87FB-4EF6AB0C20D6}"
EndProject
Project("{8BC9CEB8-8B4A-11D0-8D11-00A0C91BC942}") = "Zad2Zaawansowane", "Zad2Zaawansowane\Zad2Zaawansowane.vcxproj", "{F8125057-7D01-47A6-8EC7-6E2625986E2E}"
EndProject
Project("{8BC9CEB8-8B4A-11D0-8D11-00A0C91BC942}") = "Zad3Zaawansowane", "Zad3Zaawansowane\Zad3Zaawansowane.vcxproj", "{F7CCD7FB-6F1C-4801-8704-8C8D3EF41532}"
EndProject
Project("{8BC9CEB8-8B4A-11D0-8D11-00A0C91BC942}") = "Zad4Zaawansowane", "Zad4Zaawansowane\Zad4Zaawansowane.vcxproj", "{BFFF69E9-F991-4B80-8D97-61CD008FA1DA}"
EndProject
Project("{8BC9CEB8-8B4A-11D0-8D11-00A0C91BC942}") = "Zad5Zaawansowane", "Zad5Zaawansowane\Zad5Zaawansowane.vcxproj", "{5A8CF06E-7A5C-4A60-A407-3F6FCD4423AC}"
EndProject
Project("{8BC9CEB8-8B4A-11D0-8D11-00A0C91BC942}") = "Zad6Zaawansowane", "Zad6Zaawansowane\Zad6Zaawansowane.vcxproj", "{6EA36063-5272-43B0-B0D5-FEF76717FFA0}"
EndProject
Project("{8BC9CEB8-8B4A-11D0-8D11-00A0C91BC942}") = "Zad7Zaawansowane", "Zad7Zaawansowane\Zad7Zaawansowane.vcxproj", "{42235597-D0F5-4955-B3F5-C3F344C899C5}"
EndProject
Project("{8BC9CEB8-8B4A-11D0-8D11-00A0C91BC942}") = "Zad8Zaawansowane", "Zad8Zaawansowane\Zad8Zaawansowane.vcxproj", "{F5733EB1-4554-4B1E-9DA7-1B83D18C46EF}"
EndProject
Project("{8BC9CEB8-8B4A-11D0-8D11-00A0C91BC942}") = "Zad13Zaawansowane", "Zad13Zaawansowane\Zad13Zaawansowane.vcxproj", "{118B1D45-4C0F-4F90-94D8-E6F0DB20C406}"
EndProject
Project("{8BC9CEB8-8B4A-11D0-8D11-00A0C91BC942}") = "Zad17Zaawansowane", "Zad17Zaawansowane\Zad17Zaawansowane.vcxproj", "{479D4A81-D09E-4015-9DE4-78A5976EF5A9}"
EndProject
Global
	GlobalSection(SolutionConfigurationPlatforms) = preSolution
		Debug|x64 = Debug|x64
		Debug|x86 = Debug|x86
		Release|x64 = Release|x64
		Release|x86 = Release|x86
	EndGlobalSection
	GlobalSection(ProjectConfigurationPlatforms) = postSolution
		{2956F199-E00F-4A63-B59D-15D670F6A837}.Debug|x64.ActiveCfg = Debug|x64
		{2956F199-E00F-4A63-B59D-15D670F6A837}.Debug|x64.Build.0 = Debug|x64
		{2956F199-E00F-4A63-B59D-15D670F6A837}.Debug|x86.ActiveCfg = Debug|Win32
		{2956F199-E00F-4A63-B59D-15D670F6A837}.Debug|x86.Build.0 = Debug|Win32
		{2956F199-E00F-4A63-B59D-15D670F6A837}.Release|x64.ActiveCfg = Release|x64
		{2956F199-E00F-4A63-B59D-15D670F6A837}.Release|x64.Build.0 = Release|x64
		{2956F199-E00F-4A63-B59D-15D670F6A837}.Release|x86.ActiveCfg = Release|Win32
		{2956F199-E00F-4A63-B59D-15D670F6A837}.Release|x86.Build.0 = Release|Win32
		{6F7E498E-E00B-470F-87FB-4EF6AB0C20D6}.Debug|x64.ActiveCfg = Debug|x64
		{6F7E498E-E00B-470F-87FB-4EF6AB0C20D6}.Debug|x64.Build.0 = Debug|x64
		{6F7E498E-E00B-470F-87FB-4EF6AB0C20D6}.Debug|x86.ActiveCfg = Debug|Win32
		{6F7E498E-E00B-470F-87FB-4EF6AB0C20D6}.Debug|x86.Build.0 = Debug|Win32
		{6F7E498E-E00B-470F-87FB-4EF6AB0C20D6}.Release|x64.ActiveCfg = Release|x64
		{6F7E498E-E00B-470F-87FB-4EF6AB0C20D6}.Release|x64.Build.0 = Release|x64
		{6F7E498E-E00B-470F-87FB-4EF6AB0C20D6}.Release|x86.ActiveCfg = Release|Win32
		{6F7E498E-E00B-470F-87FB-4EF6AB0C20D6}.Release|x86.Build.0 = Release|Win32
		{F8125057-7D01-47A6-8EC7-6E2625986E2E}.Debug|x64.ActiveCfg = Debug|x64
		{F8125057-7D01-47A6-8EC7-6E2625986E2E}.Debug|x64.Build.0 = Debug|x64
		{F8125057-7D01-47A6-8EC7-6E2625986E2E}.Debug|x86.ActiveCfg = Debug|Win32
		{F8125057-7D01-47A6-8EC7-6E2625986E2E}.Debug|x86.Build.0 = Debug|Win32
		{F8125057-7D01-47A6-8EC7-6E2625986E2E}.Release|x64.ActiveCfg = Release|x64
		{F8125057-7D01-47A6-8EC7-6E2625986E2E}.Release|x64.Build.0 = Release|x64
		{F8125057-7D01-47A6-8EC7-6E2625986E2E}.Release|x86.ActiveCfg = Release|Win32
		{F8125057-7D01-47A6-8EC7-6E2625986E2E}.Release|x86.Build.0 = Release|Win32
		{F7CCD7FB-6F1C-4801-8704-8C8D3EF41532}.Debug|x64.ActiveCfg = Debug|x64
		{F7CCD7FB-6F1C-4801-8704-8C8D3EF41532}.Debug|x64.Build.0 = Debug|x64
		{F7CCD7FB-6F1C-4801-8704-8C8D3EF41532}.Debug|x86.ActiveCfg = Debug|Win32
		{F7CCD7FB-6F1C-4801-8704-8C8D3EF41532}.Debug|x86.Build.0 = Debug|Win32
		{F7CCD7FB-6F1C-4801-8704-8C8D3EF41532}.Release|x64.ActiveCfg = Release|x64
		{F7CCD7FB-6F1C-4801-8704-8C8D3EF41532}.Release|x64.Build.0 = Release|x64
		{F7CCD7FB-6F1C-4801-8704-8C8D3EF41532}.Release|x86.ActiveCfg = Release|Win32
		{F7CCD7FB-6F1C-4801-8704-8C8D3EF41532}.Release|x86.Build.0 = Release|Win32
		{BFFF69E9-F991-4B80-8D97-61CD008FA1DA}.Debug|x64.ActiveCfg = Debug|x64
		{BFFF69E9-F991-4B80-8D97-61CD008FA1DA}.Debug|x64.Build.0 = Debug|x64
		{BFFF69E9-F991-4B80-8D97-61CD008FA1DA}.Debug|x86.ActiveCfg = Debug|Win32
		{BFFF69E9-F991-4B80-8D97-61CD008FA1DA}.Debug|x86.Build.0 = Debug|Win32
		{BFFF69E9-F991-4B80-8D97-61CD008FA1DA}.Release|x64.ActiveCfg = Release|x64
		{BFFF69E9-F991-4B80-8D97-61CD008FA1DA}.Release|x64.Build.0 = Release|x64
		{BFFF69E9-F991-4B80-8D97-61CD008FA1DA}.Release|x86.ActiveCfg = Release|Win32
		{BFFF69E9-F991-4B80-8D97-61CD008FA1DA}.Release|x86.Build.0 = Release|Win32
		{5A8CF06E-7A5C-4A60-A407-3F6FCD4423AC}.Debug|x64.ActiveCfg = Debug|x64
		{5A8CF06E-7A5C-4A60-A407-3F6FCD4423AC}.Debug|x64.Build.0 = Debug|x64
		{5A8CF06E-7A5C-4A60-A407-3F6FCD4423AC}.Debug|x86.ActiveCfg = Debug|Win32
		{5A8CF06E-7A5C-4A60-A407-3F6FCD4423AC}.Debug|x86.Build.0 = Debug|Win32
		{5A8CF06E-7A5C-4A60-A407-3F6FCD4423AC}.Release|x64.ActiveCfg = Release|x64
		{5A8CF06E-7A5C-4A60-A407-3F6FCD4423AC}.Release|x64.Build.0 = Release|x64
		{5A8CF06E-7A5C-4A60-A407-3F6FCD4423AC}.Release|x86.ActiveCfg = Release|Win32
		{5A8CF06E-7A5C-4A60-A407-3F6FCD4423AC}.Release|x86.Build.0 = Release|Win32
		{6EA36063-5272-43B0-B0D5-FEF76717FFA0}.Debug|x64.ActiveCfg = Debug|x64
		{6EA36063-5272-43B0-B0D5-FEF76717FFA0}.Debug|x64.Build.0 = Debug|x64
		{6EA36063-5272-43B0-B0D5-FEF76717FFA0}.Debug|x86.ActiveCfg = Debug|Win32
		{6EA36063-5272-43B0-B0D5-FEF76717FFA0}.Debug|x86.Build.0 = Debug|Win32
		{6EA36063-5272-43B0-B0D5-FEF76717FFA0}.Release|x64.ActiveCfg = Release|x64
		{6EA36063-5272-43B0-B0D5-FEF76717FFA0}.Release|x64.Build.0 = Release|x64
		{6EA36063-5272-43B0-B0D5-FEF76717FFA0}.Release|x86.ActiveCfg = Release|Win32
		{6EA36063-5272-43B0-B0D5-FEF76717FFA0}.Release|x86.Build.0 = Release|Win32
		{42235597-D0F5-4955-B3F5-C3F344C899C5}.Debug|x64.ActiveCfg = Debug|x64
		{42235597-D0F5-4955-B3F5-C3F344C899C5}.Debug|x64.Build.0 = Debug|x64
		{42235597-D0F5-4955-B3F5-C3F344C899C5}.Debug|x86.ActiveCfg = Debug|Win32
		{42235597-D0F5-4955-B3F5-C3F344C899C5}.Debug|x86.Build.0 = Debug|Win32
		{42235597-D0F5-4955-B3F5-C3F344C899C5}.Release|x64.ActiveCfg = Release|x64
		{42235597-D0F5-4955-B3F5-C3F344C899C5}.Release|x64.Build.0 = Release|x64
		{42235597-D0F5-4955-B3F5-C3F344C899C5}.Release|x86.ActiveCfg = Release|Win32
		{42235597-D0F5-4955-B3F5-C3F344C899C5}.Release|x86.Build.0 = Release|Win32
		{F5733EB1-4554-4B1E-9DA7-1B83D18C46EF}.Debug|x64.ActiveCfg = Debug|x64
		{F5733EB1-4554-4B1E-9DA7-1B83D18C46EF}.Debug|x64.Build.0 = Debug|x64
		{F5733EB1-4554-4B1E-9DA7-1B83D18C46EF}.Debug|x86.ActiveCfg = Debug|Win32
		{F5733EB1-4554-4B1E-9DA7-1B83D18C46EF}.Debug|x86.Build.0 = Debug|Win32
		{F5733EB1-4554-4B1E-9DA7-1B83D18C46EF}.Release|x64.ActiveCfg = Release|x64
		{F5733EB1-4554-4B1E-9DA7-1B83D18C46EF}.Release|x64.Build.0 = Release|x64
		{F5733EB1-4554-4B1E-9DA7-1B83D18C46EF}.Release|x86.ActiveCfg = Release|Win32
		{F5733EB1-4554-4B1E-9DA7-1B83D18C46EF}.Release|x86.Build.0 = Release|Win32
		{118B1D45-4C0F-4F90-94D8-E6F0DB20C406}.Debug|x64.ActiveCfg = Debug|x64
		{118B1D45-4C0F-4F90-94D8-E6F0DB20C406}.Debug|x64.Build.0 = Debug|x64
		{118B1D45-4C0F-4F90-94D8-E6F0DB20C406}.Debug|x86.ActiveCfg = Debug|Win32
		{118B1D45-4C0F-4F90-94D8-E6F0DB20C406}.Debug|x86.Build.0 = Debug|Win32
		{118B1D45-4C0F-4F90-94D8-E6F0DB20C406}.Release|x64.ActiveCfg = Release|x64
		{118B1D45-4C0F-4F90-94D8-E6F0DB20C406}.Release|x64.Build.0 = Release|x64
		{118B1D45-4C0F-4F90-94D8-E6F0DB20C406}.Release|x86.ActiveCfg = Release|Win32
		{118B1D45-4C0F-4F90-94D8-E6F0DB20C406}.Release|x86.Build.0 = Release|Win32
		{479D4A81-D09E-4015-9DE4-78A5976EF5A9}.Debug|x64.ActiveCfg = Debug|x64
		{479D4A81-D09E-4015-9DE4-78A5976EF5A9}.Debug|x64.Build.0 = Debug|x64
		{479D4A81-D09E-4015-9DE4-78A5976EF5A9}.Debug|x86.ActiveCfg = Debug|Win32
		{479D4A81-D09E-4015-9DE4-78A5976EF5A9}.Debug|x86.Build.0 = Debug|Win32
		{479D4A81-D09E-4015-9DE4-78A5976EF5A9}.Release|x64.ActiveCfg = Release|x64
		{479D4A81-D09E-4015-9DE4-78A5976EF5A9}.Release|x64.Build.0 = Release|x64
		{479D4A81-D09E-4015-9DE4-78A5976EF5A9}.Release|x86.ActiveCfg = Release|Win32
		{479D4A81-D09E-4015-9DE4-78A5976EF5A9}.Release|x86.Build.0 = Release|Win32
	EndGlobalSection
	GlobalSection(SolutionProperties) = preSolution
		HideSolutionNode = FALSE
	EndGlobalSection
	GlobalSection(ExtensibilityGlobals) = postSolution
		SolutionGuid = {B1DB22EB-C53F-4E12-9806-C2170074662C}
	EndGlobalSection
EndGlobal
